
Microsoft Visual Studio Solution File, Format Version 12.00
# Visual Studio Version 17
VisualStudioVersion = 17.9.34728.123
MinimumVisualStudioVersion = 10.0.40219.1
Project("{9A19103F-16F7-4668-BE54-9A1E7A4F7556}") = "AppEstudiantes", "AppEstudiantes\AppEstudiantes.csproj", "{C7E19C0F-AAF1-4A84-81A7-2E970B2A0616}"
EndProject
Global
	GlobalSection(SolutionConfigurationPlatforms) = preSolution
		Debug|Any CPU = Debug|Any CPU
		Debug|x86 = Debug|x86
		Release|Any CPU = Release|Any CPU
		Release|x86 = Release|x86
	EndGlobalSection
	GlobalSection(ProjectConfigurationPlatforms) = postSolution
		{C7E19C0F-AAF1-4A84-81A7-2E970B2A0616}.Debug|Any CPU.ActiveCfg = Debug|Any CPU
		{C7E19C0F-AAF1-4A84-81A7-2E970B2A0616}.Debug|Any CPU.Build.0 = Debug|Any CPU
		{C7E19C0F-AAF1-4A84-81A7-2E970B2A0616}.Debug|x86.ActiveCfg = Debug|x86
		{C7E19C0F-AAF1-4A84-81A7-2E970B2A0616}.Debug|x86.Build.0 = Debug|x86
		{C7E19C0F-AAF1-4A84-81A7-2E970B2A0616}.Release|Any CPU.ActiveCfg = Release|Any CPU
		{C7E19C0F-AAF1-4A84-81A7-2E970B2A0616}.Release|Any CPU.Build.0 = Release|Any CPU
		{C7E19C0F-AAF1-4A84-81A7-2E970B2A0616}.Release|x86.ActiveCfg = Release|x86
		{C7E19C0F-AAF1-4A84-81A7-2E970B2A0616}.Release|x86.Build.0 = Release|x86
	EndGlobalSection
	GlobalSection(SolutionProperties) = preSolution
		HideSolutionNode = FALSE
	EndGlobalSection
	GlobalSection(ExtensibilityGlobals) = postSolution
		SolutionGuid = {50FDC6C8-E390-40E4-985E-A9EF295D4AD1}
	EndGlobalSection
EndGlobal
